// !$*UTF8*$!
{
	archiveVersion = 1;
	classes = {
	};
	objectVersion = 77;
	objects = {

/* Begin PBXBuildFile section */
		072FE9A82E824ADF00AB86E2 /* FirebaseAnalytics in Frameworks */ = {isa = PBXBuildFile; productRef = 072FE9A72E824ADF00AB86E2 /* FirebaseAnalytics */; };
		072FE9AA2E824ADF00AB86E2 /* FirebaseAuth in Frameworks */ = {isa = PBXBuildFile; productRef = 072FE9A92E824ADF00AB86E2 /* FirebaseAuth */; };
		072FE9AC2E824F8E00AB86E2 /* FirebaseAnalytics in Frameworks */ = {isa = PBXBuildFile; productRef = 072FE9AB2E824F8E00AB86E2 /* FirebaseAnalytics */; };
		072FE9AE2E824F8E00AB86E2 /* FirebaseAuth in Frameworks */ = {isa = PBXBuildFile; productRef = 072FE9AD2E824F8E00AB86E2 /* FirebaseAuth */; };
		072FE9B22E82509900AB86E2 /* FirebaseAnalytics in Frameworks */ = {isa = PBXBuildFile; productRef = 072FE9B12E82509900AB86E2 /* FirebaseAnalytics */; };
		072FE9B42E82509900AB86E2 /* FirebaseAuth in Frameworks */ = {isa = PBXBuildFile; productRef = 072FE9B32E82509900AB86E2 /* FirebaseAuth */; };
		074964F02EC025470096CC9C /* StoreKit.framework in Frameworks */ = {isa = PBXBuildFile; fileRef = 074964EF2EC025460096CC9C /* StoreKit.framework */; };
		074BB3862EBF060200619550 /* ReceiptParser in Frameworks */ = {isa = PBXBuildFile; productRef = 074BB3852EBF060200619550 /* ReceiptParser */; };
		074BB3882EBF060200619550 /* RevenueCat in Frameworks */ = {isa = PBXBuildFile; productRef = 074BB3872EBF060200619550 /* RevenueCat */; };
		074BB38A2EBF060200619550 /* RevenueCatUI in Frameworks */ = {isa = PBXBuildFile; productRef = 074BB3892EBF060200619550 /* RevenueCatUI */; };
		07B99C422EAF5B1C004C710B /* FirebaseStorage in Frameworks */ = {isa = PBXBuildFile; productRef = 07B99C412EAF5B1C004C710B /* FirebaseStorage */; };
		07B99C452EB0059E004C710B /* TOCropViewController in Frameworks */ = {isa = PBXBuildFile; productRef = 07B99C442EB0059E004C710B /* TOCropViewController */; };
		07B99C492EB00A49004C710B /* CropViewController in Frameworks */ = {isa = PBXBuildFile; productRef = 07B99C482EB00A49004C710B /* CropViewController */; };
		07BA2F3E2E8D143B003B4B9F /* FirebaseFirestore in Frameworks */ = {isa = PBXBuildFile; productRef = 07BA2F3D2E8D143B003B4B9F /* FirebaseFirestore */; };
/* End PBXBuildFile section */

/* Begin PBXContainerItemProxy section */
		072FE9852E82461500AB86E2 /* PBXContainerItemProxy */ = {
			isa = PBXContainerItemProxy;
			containerPortal = 072FE96B2E82461200AB86E2 /* Project object */;
			proxyType = 1;
			remoteGlobalIDString = 072FE9722E82461200AB86E2;
			remoteInfo = TaskMutual;
		};
		072FE98F2E82461500AB86E2 /* PBXContainerItemProxy */ = {
			isa = PBXContainerItemProxy;
			containerPortal = 072FE96B2E82461200AB86E2 /* Project object */;
			proxyType = 1;
			remoteGlobalIDString = 072FE9722E82461200AB86E2;
			remoteInfo = TaskMutual;
		};
/* End PBXContainerItemProxy section */

/* Begin PBXFileReference section */
		072FE9732E82461200AB86E2 /* TaskMutual.app */ = {isa = PBXFileReference; explicitFileType = wrapper.application; includeInIndex = 0; path = TaskMutual.app; sourceTree = BUILT_PRODUCTS_DIR; };
		072FE9842E82461500AB86E2 /* TaskMutualTests.xctest */ = {isa = PBXFileReference; explicitFileType = wrapper.cfbundle; includeInIndex = 0; path = TaskMutualTests.xctest; sourceTree = BUILT_PRODUCTS_DIR; };
		072FE98E2E82461500AB86E2 /* TaskMutualUITests.xctest */ = {isa = PBXFileReference; explicitFileType = wrapper.cfbundle; includeInIndex = 0; path = TaskMutualUITests.xctest; sourceTree = BUILT_PRODUCTS_DIR; };
		074964EF2EC025460096CC9C /* StoreKit.framework */ = {isa = PBXFileReference; lastKnownFileType = wrapper.framework; name = StoreKit.framework; path = System/Library/Frameworks/StoreKit.framework; sourceTree = SDKROOT; };
/* End PBXFileReference section */

/* Begin PBXFileSystemSynchronizedBuildFileExceptionSet section */
		072FE9962E82461500AB86E2 /* Exceptions for "TaskMutual" folder in "TaskMutual" target */ = {
			isa = PBXFileSystemSynchronizedBuildFileExceptionSet;
			membershipExceptions = (
				Info.plist,
			);
			target = 072FE9722E82461200AB86E2 /* TaskMutual */;
		};
/* End PBXFileSystemSynchronizedBuildFileExceptionSet section */

/* Begin PBXFileSystemSynchronizedRootGroup section */
		072FE9752E82461200AB86E2 /* TaskMutual */ = {
			isa = PBXFileSystemSynchronizedRootGroup;
			exceptions = (
				072FE9962E82461500AB86E2 /* Exceptions for "TaskMutual" folder in "TaskMutual" target */,
			);
			path = TaskMutual;
			sourceTree = "<group>";
		};
		072FE9872E82461500AB86E2 /* TaskMutualTests */ = {
			isa = PBXFileSystemSynchronizedRootGroup;
			path = TaskMutualTests;
			sourceTree = "<group>";
		};
		072FE9912E82461500AB86E2 /* TaskMutualUITests */ = {
			isa = PBXFileSystemSynchronizedRootGroup;
			path = TaskMutualUITests;
			sourceTree = "<group>";
		};
/* End PBXFileSystemSynchronizedRootGroup section */

/* Begin PBXFrameworksBuildPhase section */
		072FE9702E82461200AB86E2 /* Frameworks */ = {
			isa = PBXFrameworksBuildPhase;
			buildActionMask = 2147483647;
			files = (
				072FE9A82E824ADF00AB86E2 /* FirebaseAnalytics in Frameworks */,
				07B99C452EB0059E004C710B /* TOCropViewController in Frameworks */,
				07B99C422EAF5B1C004C710B /* FirebaseStorage in Frameworks */,
				074BB3862EBF060200619550 /* ReceiptParser in Frameworks */,
				074BB3882EBF060200619550 /* RevenueCat in Frameworks */,
				074BB38A2EBF060200619550 /* RevenueCatUI in Frameworks */,
				072FE9AA2E824ADF00AB86E2 /* FirebaseAuth in Frameworks */,
				07BA2F3E2E8D143B003B4B9F /* FirebaseFirestore in Frameworks */,
				07B99C492EB00A49004C710B /* CropViewController in Frameworks */,
				074964F02EC025470096CC9C /* StoreKit.framework in Frameworks */,
			);
			runOnlyForDeploymentPostprocessing = 0;
		};
		072FE9812E82461500AB86E2 /* Frameworks */ = {
			isa = PBXFrameworksBuildPhase;
			buildActionMask = 2147483647;
			files = (
				072FE9AC2E824F8E00AB86E2 /* FirebaseAnalytics in Frameworks */,
				072FE9AE2E824F8E00AB86E2 /* FirebaseAuth in Frameworks */,
			);
			runOnlyForDeploymentPostprocessing = 0;
		};
		072FE98B2E82461500AB86E2 /* Frameworks */ = {
			isa = PBXFrameworksBuildPhase;
			buildActionMask = 2147483647;
			files = (
				072FE9B22E82509900AB86E2 /* FirebaseAnalytics in Frameworks */,
				072FE9B42E82509900AB86E2 /* FirebaseAuth in Frameworks */,
			);
			runOnlyForDeploymentPostprocessing = 0;
		};
/* End PBXFrameworksBuildPhase section */

/* Begin PBXGroup section */
		072FE96A2E82461200AB86E2 = {
			isa = PBXGroup;
			children = (
				072FE9752E82461200AB86E2 /* TaskMutual */,
				072FE9872E82461500AB86E2 /* TaskMutualTests */,
				072FE9912E82461500AB86E2 /* TaskMutualUITests */,
				074964EE2EC025460096CC9C /* Frameworks */,
				072FE9742E82461200AB86E2 /* Products */,
			);
			sourceTree = "<group>";
		};
		072FE9742E82461200AB86E2 /* Products */ = {
			isa = PBXGroup;
			children = (
				072FE9732E82461200AB86E2 /* TaskMutual.app */,
				072FE9842E82461500AB86E2 /* TaskMutualTests.xctest */,
				072FE98E2E82461500AB86E2 /* TaskMutualUITests.xctest */,
			);
			name = Products;
			sourceTree = "<group>";
		};
		074964EE2EC025460096CC9C /* Frameworks */ = {
			isa = PBXGroup;
			children = (
				074964EF2EC025460096CC9C /* StoreKit.framework */,
			);
			name = Frameworks;
			sourceTree = "<group>";
		};
/* End PBXGroup section */

/* Begin PBXNativeTarget section */
		072FE9722E82461200AB86E2 /* TaskMutual */ = {
			isa = PBXNativeTarget;
			buildConfigurationList = 072FE9972E82461500AB86E2 /* Build configuration list for PBXNativeTarget "TaskMutual" */;
			buildPhases = (
				072FE96F2E82461200AB86E2 /* Sources */,
				072FE9702E82461200AB86E2 /* Frameworks */,
				072FE9712E82461200AB86E2 /* Resources */,
			);
			buildRules = (
			);
			dependencies = (
			);
			fileSystemSynchronizedGroups = (
				072FE9752E82461200AB86E2 /* TaskMutual */,
			);
			name = TaskMutual;
			packageProductDependencies = (
				072FE9A72E824ADF00AB86E2 /* FirebaseAnalytics */,
				072FE9A92E824ADF00AB86E2 /* FirebaseAuth */,
				07BA2F3D2E8D143B003B4B9F /* FirebaseFirestore */,
				07B99C412EAF5B1C004C710B /* FirebaseStorage */,
				07B99C442EB0059E004C710B /* TOCropViewController */,
				07B99C482EB00A49004C710B /* CropViewController */,
				074BB3852EBF060200619550 /* ReceiptParser */,
				074BB3872EBF060200619550 /* RevenueCat */,
				074BB3892EBF060200619550 /* RevenueCatUI */,
			);
			productName = TaskMutual;
			productReference = 072FE9732E82461200AB86E2 /* TaskMutual.app */;
			productType = "com.apple.product-type.application";
		};
		072FE9832E82461500AB86E2 /* TaskMutualTests */ = {
			isa = PBXNativeTarget;
			buildConfigurationList = 072FE99C2E82461500AB86E2 /* Build configuration list for PBXNativeTarget "TaskMutualTests" */;
			buildPhases = (
				072FE9802E82461500AB86E2 /* Sources */,
				072FE9812E82461500AB86E2 /* Frameworks */,
				072FE9822E82461500AB86E2 /* Resources */,
			);
			buildRules = (
			);
			dependencies = (
				072FE9862E82461500AB86E2 /* PBXTargetDependency */,
			);
			fileSystemSynchronizedGroups = (
				072FE9872E82461500AB86E2 /* TaskMutualTests */,
			);
			name = TaskMutualTests;
			packageProductDependencies = (
				072FE9AB2E824F8E00AB86E2 /* FirebaseAnalytics */,
				072FE9AD2E824F8E00AB86E2 /* FirebaseAuth */,
			);
			productName = TaskMutualTests;
			productReference = 072FE9842E82461500AB86E2 /* TaskMutualTests.xctest */;
			productType = "com.apple.product-type.bundle.unit-test";
		};
		072FE98D2E82461500AB86E2 /* TaskMutualUITests */ = {
			isa = PBXNativeTarget;
			buildConfigurationList = 072FE99F2E82461500AB86E2 /* Build configuration list for PBXNativeTarget "TaskMutualUITests" */;
			buildPhases = (
				072FE98A2E82461500AB86E2 /* Sources */,
				072FE98B2E82461500AB86E2 /* Frameworks */,
				072FE98C2E82461500AB86E2 /* Resources */,
			);
			buildRules = (
			);
			dependencies = (
				072FE9902E82461500AB86E2 /* PBXTargetDependency */,
			);
			fileSystemSynchronizedGroups = (
				072FE9912E82461500AB86E2 /* TaskMutualUITests */,
			);
			name = TaskMutualUITests;
			packageProductDependencies = (
				072FE9B12E82509900AB86E2 /* FirebaseAnalytics */,
				072FE9B32E82509900AB86E2 /* FirebaseAuth */,
			);
			productName = TaskMutualUITests;
			productReference = 072FE98E2E82461500AB86E2 /* TaskMutualUITests.xctest */;
			productType = "com.apple.product-type.bundle.ui-testing";
		};
/* End PBXNativeTarget section */

/* Begin PBXProject section */
		072FE96B2E82461200AB86E2 /* Project object */ = {
			isa = PBXProject;
			attributes = {
				BuildIndependentTargetsInParallel = 1;
				LastSwiftUpdateCheck = 1640;
				LastUpgradeCheck = 1640;
				TargetAttributes = {
					072FE9722E82461200AB86E2 = {
						CreatedOnToolsVersion = 16.4;
					};
					072FE9832E82461500AB86E2 = {
						CreatedOnToolsVersion = 16.4;
						TestTargetID = 072FE9722E82461200AB86E2;
					};
					072FE98D2E82461500AB86E2 = {
						CreatedOnToolsVersion = 16.4;
						TestTargetID = 072FE9722E82461200AB86E2;
					};
				};
			};
			buildConfigurationList = 072FE96E2E82461200AB86E2 /* Build configuration list for PBXProject "TaskMutual" */;
			developmentRegion = en;
			hasScannedForEncodings = 0;
			knownRegions = (
				en,
				Base,
			);
			mainGroup = 072FE96A2E82461200AB86E2;
			minimizedProjectReferenceProxies = 1;
			packageReferences = (
				072FE9A62E824ADF00AB86E2 /* XCRemoteSwiftPackageReference "firebase-ios-sdk" */,
				07B99C432EB0059E004C710B /* XCRemoteSwiftPackageReference "TOCropViewController" */,
				074BB3842EBF060200619550 /* XCRemoteSwiftPackageReference "purchases-ios" */,
			);
			preferredProjectObjectVersion = 77;
			productRefGroup = 072FE9742E82461200AB86E2 /* Products */;
			projectDirPath = "";
			projectRoot = "";
			targets = (
				072FE9722E82461200AB86E2 /* TaskMutual */,
				072FE9832E82461500AB86E2 /* TaskMutualTests */,
				072FE98D2E82461500AB86E2 /* TaskMutualUITests */,
			);
		};
/* End PBXProject section */

/* Begin PBXResourcesBuildPhase section */
		072FE9712E82461200AB86E2 /* Resources */ = {
			isa = PBXResourcesBuildPhase;
			buildActionMask = 2147483647;
			files = (
			);
			runOnlyForDeploymentPostprocessing = 0;
		};
		072FE9822E82461500AB86E2 /* Resources */ = {
			isa = PBXResourcesBuildPhase;
			buildActionMask = 2147483647;
			files = (
			);
			runOnlyForDeploymentPostprocessing = 0;
		};
		072FE98C2E82461500AB86E2 /* Resources */ = {
			isa = PBXResourcesBuildPhase;
			buildActionMask = 2147483647;
			files = (
			);
			runOnlyForDeploymentPostprocessing = 0;
		};
/* End PBXResourcesBuildPhase section */

/* Begin PBXSourcesBuildPhase section */
		072FE96F2E82461200AB86E2 /* Sources */ = {
			isa = PBXSourcesBuildPhase;
			buildActionMask = 2147483647;
			files = (
			);
			runOnlyForDeploymentPostprocessing = 0;
		};
		072FE9802E82461500AB86E2 /* Sources */ = {
			isa = PBXSourcesBuildPhase;
			buildActionMask = 2147483647;
			files = (
			);
			runOnlyForDeploymentPostprocessing = 0;
		};
		072FE98A2E82461500AB86E2 /* Sources */ = {
			isa = PBXSourcesBuildPhase;
			buildActionMask = 2147483647;
			files = (
			);
			runOnlyForDeploymentPostprocessing = 0;
		};
/* End PBXSourcesBuildPhase section */

/* Begin PBXTargetDependency section */
		072FE9862E82461500AB86E2 /* PBXTargetDependency */ = {
			isa = PBXTargetDependency;
			target = 072FE9722E82461200AB86E2 /* TaskMutual */;
			targetProxy = 072FE9852E82461500AB86E2 /* PBXContainerItemProxy */;
		};
		072FE9902E82461500AB86E2 /* PBXTargetDependency */ = {
			isa = PBXTargetDependency;
			target = 072FE9722E82461200AB86E2 /* TaskMutual */;
			targetProxy = 072FE98F2E82461500AB86E2 /* PBXContainerItemProxy */;
		};
/* End PBXTargetDependency section */

/* Begin XCBuildConfiguration section */
		072FE9982E82461500AB86E2 /* Debug */ = {
			isa = XCBuildConfiguration;
			buildSettings = {
				ASSETCATALOG_COMPILER_APPICON_NAME = AppIcon;
				ASSETCATALOG_COMPILER_GLOBAL_ACCENT_COLOR_NAME = AccentColor;
				CODE_SIGN_ENTITLEMENTS = TaskMutual/TaskMutual.entitlements;
				CODE_SIGN_STYLE = Automatic;
				CURRENT_PROJECT_VERSION = 1;
				DEVELOPMENT_TEAM = D8MQKBR6Y5;
				ENABLE_PREVIEWS = YES;
				GENERATE_INFOPLIST_FILE = YES;
				INFOPLIST_FILE = TaskMutual/Info.plist;
				INFOPLIST_KEY_NSPhotoLibraryUsageDescription = "We need access to your photo library so you can select a profile picture.";
				INFOPLIST_KEY_UIApplicationSceneManifest_Generation = YES;
				INFOPLIST_KEY_UIApplicationSupportsIndirectInputEvents = YES;
				INFOPLIST_KEY_UILaunchScreen_Generation = YES;
				INFOPLIST_KEY_UISupportedInterfaceOrientations_iPad = "UIInterfaceOrientationPortrait UIInterfaceOrientationPortraitUpsideDown UIInterfaceOrientationLandscapeLeft UIInterfaceOrientationLandscapeRight";
				INFOPLIST_KEY_UISupportedInterfaceOrientations_iPhone = "UIInterfaceOrientationPortrait UIInterfaceOrientationLandscapeLeft UIInterfaceOrientationLandscapeRight";
				LD_RUNPATH_SEARCH_PATHS = (
					"$(inherited)",
					"@executable_path/Frameworks",
				);
				MARKETING_VERSION = 1.0;
				PRODUCT_BUNDLE_IDENTIFIER = "XCMutualsProject-Mutuals.Project.Mutuals";
				PRODUCT_NAME = "$(TARGET_NAME)";
				SWIFT_EMIT_LOC_STRINGS = YES;
				SWIFT_VERSION = 5.0;
				TARGETED_DEVICE_FAMILY = "1,2";
			};
			name = Debug;
		};
		072FE9992E82461500AB86E2 /* Release */ = {
			isa = XCBuildConfiguration;
			buildSettings = {
				ASSETCATALOG_COMPILER_APPICON_NAME = AppIcon;
				ASSETCATALOG_COMPILER_GLOBAL_ACCENT_COLOR_NAME = AccentColor;
				CODE_SIGN_ENTITLEMENTS = TaskMutual/TaskMutual.entitlements;
				CODE_SIGN_STYLE = Automatic;
				CURRENT_PROJECT_VERSION = 1;
				DEVELOPMENT_TEAM = D8MQKBR6Y5;
				ENABLE_PREVIEWS = YES;
				GENERATE_INFOPLIST_FILE = YES;
				INFOPLIST_FILE = TaskMutual/Info.plist;
				INFOPLIST_KEY_NSPhotoLibraryUsageDescription = "We need access to your photo library so you can select a profile picture.";
				INFOPLIST_KEY_UIApplicationSceneManifest_Generation = YES;
				INFOPLIST_KEY_UIApplicationSupportsIndirectInputEvents = YES;
				INFOPLIST_KEY_UILaunchScreen_Generation = YES;
				INFOPLIST_KEY_UISupportedInterfaceOrientations_iPad = "UIInterfaceOrientationPortrait UIInterfaceOrientationPortraitUpsideDown UIInterfaceOrientationLandscapeLeft UIInterfaceOrientationLandscapeRight";
				INFOPLIST_KEY_UISupportedInterfaceOrientations_iPhone = "UIInterfaceOrientationPortrait UIInterfaceOrientationLandscapeLeft UIInterfaceOrientationLandscapeRight";
				LD_RUNPATH_SEARCH_PATHS = (
					"$(inherited)",
					"@executable_path/Frameworks",
				);
				MARKETING_VERSION = 1.0;
				PRODUCT_BUNDLE_IDENTIFIER = Mutuals.Project.Mutuals;
				PRODUCT_NAME = "$(TARGET_NAME)";
				SWIFT_EMIT_LOC_STRINGS = YES;
				SWIFT_VERSION = 5.0;
				TARGETED_DEVICE_FAMILY = "1,2";
			};
			name = Release;
		};
		072FE99A2E82461500AB86E2 /* Debug */ = {
			isa = XCBuildConfiguration;
			buildSettings = {
				ALWAYS_SEARCH_USER_PATHS = NO;
				ASSETCATALOG_COMPILER_GENERATE_SWIFT_ASSET_SYMBOL_EXTENSIONS = YES;
				CLANG_ANALYZER_NONNULL = YES;
				CLANG_ANALYZER_NUMBER_OBJECT_CONVERSION = YES_AGGRESSIVE;
				CLANG_CXX_LANGUAGE_STANDARD = "gnu++20";
				CLANG_ENABLE_MODULES = YES;
				CLANG_ENABLE_OBJC_ARC = YES;
				CLANG_ENABLE_OBJC_WEAK = YES;
				CLANG_WARN_BLOCK_CAPTURE_AUTORELEASING = YES;
				CLANG_WARN_BOOL_CONVERSION = YES;
				CLANG_WARN_COMMA = YES;
				CLANG_WARN_CONSTANT_CONVERSION = YES;
				CLANG_WARN_DEPRECATED_OBJC_IMPLEMENTATIONS = YES;
				CLANG_WARN_DIRECT_OBJC_ISA_USAGE = YES_ERROR;
				CLANG_WARN_DOCUMENTATION_COMMENTS = YES;
				CLANG_WARN_EMPTY_BODY = YES;
				CLANG_WARN_ENUM_CONVERSION = YES;
				CLANG_WARN_INFINITE_RECURSION = YES;
				CLANG_WARN_INT_CONVERSION = YES;
				CLANG_WARN_NON_LITERAL_NULL_CONVERSION = YES;
				CLANG_WARN_OBJC_IMPLICIT_RETAIN_SELF = YES;
				CLANG_WARN_OBJC_LITERAL_CONVERSION = YES;
				CLANG_WARN_OBJC_ROOT_CLASS = YES_ERROR;
				CLANG_WARN_QUOTED_INCLUDE_IN_FRAMEWORK_HEADER = YES;
				CLANG_WARN_RANGE_LOOP_ANALYSIS = YES;
				CLANG_WARN_STRICT_PROTOTYPES = YES;
				CLANG_WARN_SUSPICIOUS_MOVE = YES;
				CLANG_WARN_UNGUARDED_AVAILABILITY = YES_AGGRESSIVE;
				CLANG_WARN_UNREACHABLE_CODE = YES;
				CLANG_WARN__DUPLICATE_METHOD_MATCH = YES;
				COPY_PHASE_STRIP = NO;
				DEBUG_INFORMATION_FORMAT = dwarf;
				DEVELOPMENT_TEAM = D8MQKBR6Y5;
				ENABLE_STRICT_OBJC_MSGSEND = YES;
				ENABLE_TESTABILITY = YES;
				ENABLE_USER_SCRIPT_SANDBOXING = YES;
				GCC_C_LANGUAGE_STANDARD = gnu17;
				GCC_DYNAMIC_NO_PIC = NO;
				GCC_NO_COMMON_BLOCKS = YES;
				GCC_OPTIMIZATION_LEVEL = 0;
				GCC_PREPROCESSOR_DEFINITIONS = (
					"DEBUG=1",
					"$(inherited)",
				);
				GCC_WARN_64_TO_32_BIT_CONVERSION = YES;
				GCC_WARN_ABOUT_RETURN_TYPE = YES_ERROR;
				GCC_WARN_UNDECLARED_SELECTOR = YES;
				GCC_WARN_UNINITIALIZED_AUTOS = YES_AGGRESSIVE;
				GCC_WARN_UNUSED_FUNCTION = YES;
				GCC_WARN_UNUSED_VARIABLE = YES;
				IPHONEOS_DEPLOYMENT_TARGET = 18.5;
				LOCALIZATION_PREFERS_STRING_CATALOGS = YES;
				MTL_ENABLE_DEBUG_INFO = INCLUDE_SOURCE;
				MTL_FAST_MATH = YES;
				ONLY_ACTIVE_ARCH = YES;
				SDKROOT = iphoneos;
				SWIFT_ACTIVE_COMPILATION_CONDITIONS = "DEBUG $(inherited)";
				SWIFT_OPTIMIZATION_LEVEL = "-Onone";
			};
			name = Debug;
		};
		072FE99B2E82461500AB86E2 /* Release */ = {
			isa = XCBuildConfiguration;
			buildSettings = {
				ALWAYS_SEARCH_USER_PATHS = NO;
				ASSETCATALOG_COMPILER_GENERATE_SWIFT_ASSET_SYMBOL_EXTENSIONS = YES;
				CLANG_ANALYZER_NONNULL = YES;
				CLANG_ANALYZER_NUMBER_OBJECT_CONVERSION = YES_AGGRESSIVE;
				CLANG_CXX_LANGUAGE_STANDARD = "gnu++20";
				CLANG_ENABLE_MODULES = YES;
				CLANG_ENABLE_OBJC_ARC = YES;
				CLANG_ENABLE_OBJC_WEAK = YES;
				CLANG_WARN_BLOCK_CAPTURE_AUTORELEASING = YES;
				CLANG_WARN_BOOL_CONVERSION = YES;
				CLANG_WARN_COMMA = YES;
				CLANG_WARN_CONSTANT_CONVERSION = YES;
				CLANG_WARN_DEPRECATED_OBJC_IMPLEMENTATIONS = YES;
				CLANG_WARN_DIRECT_OBJC_ISA_USAGE = YES_ERROR;
				CLANG_WARN_DOCUMENTATION_COMMENTS = YES;
				CLANG_WARN_EMPTY_BODY = YES;
				CLANG_WARN_ENUM_CONVERSION = YES;
				CLANG_WARN_INFINITE_RECURSION = YES;
				CLANG_WARN_INT_CONVERSION = YES;
				CLANG_WARN_NON_LITERAL_NULL_CONVERSION = YES;
				CLANG_WARN_OBJC_IMPLICIT_RETAIN_SELF = YES;
				CLANG_WARN_OBJC_LITERAL_CONVERSION = YES;
				CLANG_WARN_OBJC_ROOT_CLASS = YES_ERROR;
				CLANG_WARN_QUOTED_INCLUDE_IN_FRAMEWORK_HEADER = YES;
				CLANG_WARN_RANGE_LOOP_ANALYSIS = YES;
				CLANG_WARN_STRICT_PROTOTYPES = YES;
				CLANG_WARN_SUSPICIOUS_MOVE = YES;
				CLANG_WARN_UNGUARDED_AVAILABILITY = YES_AGGRESSIVE;
				CLANG_WARN_UNREACHABLE_CODE = YES;
				CLANG_WARN__DUPLICATE_METHOD_MATCH = YES;
				COPY_PHASE_STRIP = NO;
				DEBUG_INFORMATION_FORMAT = "dwarf-with-dsym";
				DEVELOPMENT_TEAM = D8MQKBR6Y5;
				ENABLE_NS_ASSERTIONS = NO;
				ENABLE_STRICT_OBJC_MSGSEND = YES;
				ENABLE_USER_SCRIPT_SANDBOXING = YES;
				GCC_C_LANGUAGE_STANDARD = gnu17;
				GCC_NO_COMMON_BLOCKS = YES;
				GCC_WARN_64_TO_32_BIT_CONVERSION = YES;
				GCC_WARN_ABOUT_RETURN_TYPE = YES_ERROR;
				GCC_WARN_UNDECLARED_SELECTOR = YES;
				GCC_WARN_UNINITIALIZED_AUTOS = YES_AGGRESSIVE;
				GCC_WARN_UNUSED_FUNCTION = YES;
				GCC_WARN_UNUSED_VARIABLE = YES;
				IPHONEOS_DEPLOYMENT_TARGET = 18.5;
				LOCALIZATION_PREFERS_STRING_CATALOGS = YES;
				MTL_ENABLE_DEBUG_INFO = NO;
				MTL_FAST_MATH = YES;
				SDKROOT = iphoneos;
				SWIFT_COMPILATION_MODE = wholemodule;
				VALIDATE_PRODUCT = YES;
			};
			name = Release;
		};
		072FE99D2E82461500AB86E2 /* Debug */ = {
			isa = XCBuildConfiguration;
			buildSettings = {
				BUNDLE_LOADER = "$(TEST_HOST)";
				CODE_SIGN_STYLE = Automatic;
				CURRENT_PROJECT_VERSION = 1;
				DEVELOPMENT_TEAM = D8MQKBR6Y5;
				GENERATE_INFOPLIST_FILE = YES;
				IPHONEOS_DEPLOYMENT_TARGET = 18.5;
				MARKETING_VERSION = 1.0;
				PRODUCT_BUNDLE_IDENTIFIER = TaskMutual.Project.TaskMutualTests;
				PRODUCT_NAME = "$(TARGET_NAME)";
				SWIFT_EMIT_LOC_STRINGS = NO;
				SWIFT_VERSION = 5.0;
				TARGETED_DEVICE_FAMILY = "1,2";
				TEST_HOST = "$(BUILT_PRODUCTS_DIR)/TaskMutual.app/$(BUNDLE_EXECUTABLE_FOLDER_PATH)/TaskMutual";
			};
			name = Debug;
		};
		072FE99E2E82461500AB86E2 /* Release */ = {
			isa = XCBuildConfiguration;
			buildSettings = {
				BUNDLE_LOADER = "$(TEST_HOST)";
				CODE_SIGN_STYLE = Automatic;
				CURRENT_PROJECT_VERSION = 1;
				DEVELOPMENT_TEAM = D8MQKBR6Y5;
				GENERATE_INFOPLIST_FILE = YES;
				IPHONEOS_DEPLOYMENT_TARGET = 18.5;
				MARKETING_VERSION = 1.0;
				PRODUCT_BUNDLE_IDENTIFIER = TaskMutual.Project.TaskMutualTests;
				PRODUCT_NAME = "$(TARGET_NAME)";
				SWIFT_EMIT_LOC_STRINGS = NO;
				SWIFT_VERSION = 5.0;
				TARGETED_DEVICE_FAMILY = "1,2";
				TEST_HOST = "$(BUILT_PRODUCTS_DIR)/TaskMutual.app/$(BUNDLE_EXECUTABLE_FOLDER_PATH)/TaskMutual";
			};
			name = Release;
		};
		072FE9A02E82461500AB86E2 /* Debug */ = {
			isa = XCBuildConfiguration;
			buildSettings = {
				CODE_SIGN_STYLE = Automatic;
				CURRENT_PROJECT_VERSION = 1;
				DEVELOPMENT_TEAM = D8MQKBR6Y5;
				GENERATE_INFOPLIST_FILE = YES;
				MARKETING_VERSION = 1.0;
				PRODUCT_BUNDLE_IDENTIFIER = TaskMutual.Project.TaskMutualUITests;
				PRODUCT_NAME = "$(TARGET_NAME)";
				SWIFT_EMIT_LOC_STRINGS = NO;
				SWIFT_VERSION = 5.0;
				TARGETED_DEVICE_FAMILY = "1,2";
				TEST_TARGET_NAME = TaskMutual;
			};
			name = Debug;
		};
		072FE9A12E82461500AB86E2 /* Release */ = {
			isa = XCBuildConfiguration;
			buildSettings = {
				CODE_SIGN_STYLE = Automatic;
				CURRENT_PROJECT_VERSION = 1;
				DEVELOPMENT_TEAM = D8MQKBR6Y5;
				GENERATE_INFOPLIST_FILE = YES;
				MARKETING_VERSION = 1.0;
				PRODUCT_BUNDLE_IDENTIFIER = TaskMutual.Project.TaskMutualUITests;
				PRODUCT_NAME = "$(TARGET_NAME)";
				SWIFT_EMIT_LOC_STRINGS = NO;
				SWIFT_VERSION = 5.0;
				TARGETED_DEVICE_FAMILY = "1,2";
				TEST_TARGET_NAME = TaskMutual;
			};
			name = Release;
		};
/* End XCBuildConfiguration section */

/* Begin XCConfigurationList section */
		072FE96E2E82461200AB86E2 /* Build configuration list for PBXProject "TaskMutual" */ = {
			isa = XCConfigurationList;
			buildConfigurations = (
				072FE99A2E82461500AB86E2 /* Debug */,
				072FE99B2E82461500AB86E2 /* Release */,
			);
			defaultConfigurationIsVisible = 0;
			defaultConfigurationName = Release;
		};
		072FE9972E82461500AB86E2 /* Build configuration list for PBXNativeTarget "TaskMutual" */ = {
			isa = XCConfigurationList;
			buildConfigurations = (
				072FE9982E82461500AB86E2 /* Debug */,
				072FE9992E82461500AB86E2 /* Release */,
			);
			defaultConfigurationIsVisible = 0;
			defaultConfigurationName = Release;
		};
		072FE99C2E82461500AB86E2 /* Build configuration list for PBXNativeTarget "TaskMutualTests" */ = {
			isa = XCConfigurationList;
			buildConfigurations = (
				072FE99D2E82461500AB86E2 /* Debug */,
				072FE99E2E82461500AB86E2 /* Release */,
			);
			defaultConfigurationIsVisible = 0;
			defaultConfigurationName = Release;
		};
		072FE99F2E82461500AB86E2 /* Build configuration list for PBXNativeTarget "TaskMutualUITests" */ = {
			isa = XCConfigurationList;
			buildConfigurations = (
				072FE9A02E82461500AB86E2 /* Debug */,
				072FE9A12E82461500AB86E2 /* Release */,
			);
			defaultConfigurationIsVisible = 0;
			defaultConfigurationName = Release;
		};
/* End XCConfigurationList section */

/* Begin XCRemoteSwiftPackageReference section */
		072FE9A62E824ADF00AB86E2 /* XCRemoteSwiftPackageReference "firebase-ios-sdk" */ = {
			isa = XCRemoteSwiftPackageReference;
			repositoryURL = "https://github.com/firebase/firebase-ios-sdk";
			requirement = {
				kind = upToNextMajorVersion;
				minimumVersion = 12.3.0;
			};
		};
		074BB3842EBF060200619550 /* XCRemoteSwiftPackageReference "purchases-ios" */ = {
			isa = XCRemoteSwiftPackageReference;
			repositoryURL = "https://github.com/RevenueCat/purchases-ios.git";
			requirement = {
				kind = upToNextMajorVersion;
				minimumVersion = 5.47.0;
			};
		};
		07B99C432EB0059E004C710B /* XCRemoteSwiftPackageReference "TOCropViewController" */ = {
			isa = XCRemoteSwiftPackageReference;
			repositoryURL = "https://github.com/TimOliver/TOCropViewController";
			requirement = {
				kind = upToNextMajorVersion;
				minimumVersion = 3.1.0;
			};
		};
/* End XCRemoteSwiftPackageReference section */

/* Begin XCSwiftPackageProductDependency section */
		072FE9A72E824ADF00AB86E2 /* FirebaseAnalytics */ = {
			isa = XCSwiftPackageProductDependency;
			package = 072FE9A62E824ADF00AB86E2 /* XCRemoteSwiftPackageReference "firebase-ios-sdk" */;
			productName = FirebaseAnalytics;
		};
		072FE9A92E824ADF00AB86E2 /* FirebaseAuth */ = {
			isa = XCSwiftPackageProductDependency;
			package = 072FE9A62E824ADF00AB86E2 /* XCRemoteSwiftPackageReference "firebase-ios-sdk" */;
			productName = FirebaseAuth;
		};
		072FE9AB2E824F8E00AB86E2 /* FirebaseAnalytics */ = {
			isa = XCSwiftPackageProductDependency;
			package = 072FE9A62E824ADF00AB86E2 /* XCRemoteSwiftPackageReference "firebase-ios-sdk" */;
			productName = FirebaseAnalytics;
		};
		072FE9AD2E824F8E00AB86E2 /* FirebaseAuth */ = {
			isa = XCSwiftPackageProductDependency;
			package = 072FE9A62E824ADF00AB86E2 /* XCRemoteSwiftPackageReference "firebase-ios-sdk" */;
			productName = FirebaseAuth;
		};
		072FE9B12E82509900AB86E2 /* FirebaseAnalytics */ = {
			isa = XCSwiftPackageProductDependency;
			package = 072FE9A62E824ADF00AB86E2 /* XCRemoteSwiftPackageReference "firebase-ios-sdk" */;
			productName = FirebaseAnalytics;
		};
		072FE9B32E82509900AB86E2 /* FirebaseAuth */ = {
			isa = XCSwiftPackageProductDependency;
			package = 072FE9A62E824ADF00AB86E2 /* XCRemoteSwiftPackageReference "firebase-ios-sdk" */;
			productName = FirebaseAuth;
		};
		074BB3852EBF060200619550 /* ReceiptParser */ = {
			isa = XCSwiftPackageProductDependency;
			package = 074BB3842EBF060200619550 /* XCRemoteSwiftPackageReference "purchases-ios" */;
			productName = ReceiptParser;
		};
		074BB3872EBF060200619550 /* RevenueCat */ = {
			isa = XCSwiftPackageProductDependency;
			package = 074BB3842EBF060200619550 /* XCRemoteSwiftPackageReference "purchases-ios" */;
			productName = RevenueCat;
		};
		074BB3892EBF060200619550 /* RevenueCatUI */ = {
			isa = XCSwiftPackageProductDependency;
			package = 074BB3842EBF060200619550 /* XCRemoteSwiftPackageReference "purchases-ios" */;
			productName = RevenueCatUI;
		};
		07B99C412EAF5B1C004C710B /* FirebaseStorage */ = {
			isa = XCSwiftPackageProductDependency;
			package = 072FE9A62E824ADF00AB86E2 /* XCRemoteSwiftPackageReference "firebase-ios-sdk" */;
			productName = FirebaseStorage;
		};
		07B99C442EB0059E004C710B /* TOCropViewController */ = {
			isa = XCSwiftPackageProductDependency;
			package = 07B99C432EB0059E004C710B /* XCRemoteSwiftPackageReference "TOCropViewController" */;
			productName = TOCropViewController;
		};
		07B99C482EB00A49004C710B /* CropViewController */ = {
			isa = XCSwiftPackageProductDependency;
			package = 07B99C432EB0059E004C710B /* XCRemoteSwiftPackageReference "TOCropViewController" */;
			productName = CropViewController;
		};
		07BA2F3D2E8D143B003B4B9F /* FirebaseFirestore */ = {
			isa = XCSwiftPackageProductDependency;
			package = 072FE9A62E824ADF00AB86E2 /* XCRemoteSwiftPackageReference "firebase-ios-sdk" */;
			productName = FirebaseFirestore;
		};
/* End XCSwiftPackageProductDependency section */
	};
	rootObject = 072FE96B2E82461200AB86E2 /* Project object */;
}
